{
  "lockfileVersion": 1,
  "configVersion": 1,
  "workspaces": {
    "": {
      "name": "steward",
      "dependencies": {
        "@tjakoen/batch": "^0.2.0",
        "@tjakoen/crumb": "^0.1.4",
        "@tjakoen/grain": "^0.1.13",
        "@tjakoen/mill": "^0.2.0",
        "@tjakoen/proof": "^0.1.2",
      },
      "devDependencies": {
        "@types/node": "^26.1.2",
        "bun-types": "^1.3.14",
        "typescript": "^5.6.0",
      },
    },
  },
  "packages": {
    "@tjakoen/batch": ["@tjakoen/batch@0.2.0", "", {}, "sha512-D+tt5Kdo1SZPBjJf3JsN2/wTDHmsnCB6v/Dl5Ltwr81pJW5wF0JiTsYc5o1bfGkuQPFva5PJ2YY/rtJ5AyJz4g=="],

    "@tjakoen/crumb": ["@tjakoen/crumb@0.1.4", "", { "dependencies": { "@tjakoen/grain": "^0.1.8", "@tjakoen/mill": "^0.2.0" }, "bin": { "crumb": "cli.ts" } }, "sha512-Tt5NSmSR6uLzvZlspb4ea0BuyOIVaUhysxGXTGgCF7HufgRD6dBeFfwdG6K0m0YpDrnytBbJk+Q3bmfLEO5fAw=="],

    "@tjakoen/grain": ["@tjakoen/grain@0.1.13", "", {}, "sha512-9P3D5x7ADI68z/6/arZUmNF6EKwD0U62ED4Qz+yqnmVsqrMameRQoykEmkwDFrBwZ4w3jwjpMJYJQuboAZxu0A=="],

    "@tjakoen/mill": ["@tjakoen/mill@0.2.0", "", { "dependencies": { "@tjakoen/grain": "^0.1.8" } }, "sha512-0MGtXnzXCcpKHCcO57shIHPiM796xdXsCroD79eC9pLp3+aLdlVdcWuJyMwOpqQZpX1P+BZOw3y3z4kCHWFbZw=="],

    "@tjakoen/proof": ["@tjakoen/proof@0.1.2", "", { "dependencies": { "@tjakoen/grain": "^0.1.8", "@tjakoen/mill": "^0.2.0" }, "bin": { "proof": "cli.ts" } }, "sha512-VlVndBs5a0fAR+3GJRUwpRSeV/ArkxPiFwB1c0fhtedJno4obiRNoyO5FK3yiLSZOBNvI+UGkhqtCLqDdhX7IQ=="],

    "@types/node": ["@types/node@26.1.2", "", { "dependencies": { "undici-types": "~8.3.0" } }, "sha512-Vu4a5UFA9rIIFJ7rB/Vaafh9lrCQszopTCx6KjFboXTGQbPNasehVR5TEiithSDGyd1DEiUByggTZsg8jukeIg=="],

    "bun-types": ["bun-types@1.3.14", "", { "dependencies": { "@types/node": "*" } }, "sha512-4N0ig0fEomHt5R0KCFWjovxow98rIoRwKolrYdCcknNwMekCXRnWEUvgu5soYV8QXtVsrUD8B95MBOZGPvr6KQ=="],

    "typescript": ["typescript@5.9.3", "", { "bin": { "tsc": "bin/tsc", "tsserver": "bin/tsserver" } }, "sha512-jl1vZzPDinLr9eUt3J/t7V6FgNEw9QjvBPdysz9KfQDD41fQrC2Y4vKQdiaUpFT4bXlb1RHhLpp8wtm6M5TgSw=="],

    "undici-types": ["undici-types@8.3.0", "", {}, "sha512-j375ScV60dom+YkPFIfTLcOiPxkN/buHz5GobjLhixFuANaNs3C9l4GmrWqejgXWJ7BbJcFYpTEUkS1Ge8bpZQ=="],

    "@tjakoen/crumb/@tjakoen/grain": ["@tjakoen/grain@0.1.12", "", {}, "sha512-zgtx5eSjYfnlQcqyt8ACyZtoIpQYHB57ecb9MSwmxBtII1AEz5GbzbWgRcO5NUlvrQVb3gzdrzV4+5KesVdrjA=="],

    "@tjakoen/mill/@tjakoen/grain": ["@tjakoen/grain@0.1.12", "", {}, "sha512-zgtx5eSjYfnlQcqyt8ACyZtoIpQYHB57ecb9MSwmxBtII1AEz5GbzbWgRcO5NUlvrQVb3gzdrzV4+5KesVdrjA=="],

    "@tjakoen/proof/@tjakoen/grain": ["@tjakoen/grain@0.1.12", "", {}, "sha512-zgtx5eSjYfnlQcqyt8ACyZtoIpQYHB57ecb9MSwmxBtII1AEz5GbzbWgRcO5NUlvrQVb3gzdrzV4+5KesVdrjA=="],
  }
}
